
Microsoft Visual Studio Solution File, Format Version 12.00
Project("{FAE04EC0-301F-11D3-BF4B-00C04F79EFBC}") = "Sagas", "Sagas\Sagas.csproj", "{4892239E-81C5-4892-9C8C-9ABD032BBF70}"
EndProject
Project("{FAE04EC0-301F-11D3-BF4B-00C04F79EFBC}") = "sagas.shared", "sagas.shared\sagas.shared.csproj", "{0F06CD13-0B15-4DDB-BC09-3BF02BCBF9FD}"
EndProject
Global
	GlobalSection(SolutionConfigurationPlatforms) = preSolution
		Debug|Any CPU = Debug|Any CPU
		Release|Any CPU = Release|Any CPU
	EndGlobalSection
	GlobalSection(ProjectConfigurationPlatforms) = postSolution
		{4892239E-81C5-4892-9C8C-9ABD032BBF70}.Debug|Any CPU.ActiveCfg = Debug|Any CPU
		{4892239E-81C5-4892-9C8C-9ABD032BBF70}.Debug|Any CPU.Build.0 = Debug|Any CPU
		{4892239E-81C5-4892-9C8C-9ABD032BBF70}.Release|Any CPU.ActiveCfg = Release|Any CPU
		{4892239E-81C5-4892-9C8C-9ABD032BBF70}.Release|Any CPU.Build.0 = Release|Any CPU
		{0F06CD13-0B15-4DDB-BC09-3BF02BCBF9FD}.Debug|Any CPU.ActiveCfg = Debug|Any CPU
		{0F06CD13-0B15-4DDB-BC09-3BF02BCBF9FD}.Debug|Any CPU.Build.0 = Debug|Any CPU
		{0F06CD13-0B15-4DDB-BC09-3BF02BCBF9FD}.Release|Any CPU.ActiveCfg = Release|Any CPU
		{0F06CD13-0B15-4DDB-BC09-3BF02BCBF9FD}.Release|Any CPU.Build.0 = Release|Any CPU
	EndGlobalSection
EndGlobal
